
Microsoft Visual Studio Solution File, Format Version 12.00
# Visual Studio Version 17
VisualStudioVersion = 17.4.33205.214
MinimumVisualStudioVersion = 10.0.40219.1
Project("{9A19103F-16F7-4668-BE54-9A1E7A4F7556}") = "Exam1.Web", "Exam1.Web\Exam1.Web.csproj", "{369E69A5-65B1-4650-A53D-3A2D5DED5BD1}"
EndProject
Project("{FAE04EC0-301F-11D3-BF4B-00C04F79EFBC}") = "Exam1.Domain", "Exam1.Domain\Exam1.Domain.csproj", "{F2AD1420-2330-47E2-9035-240E0C86A4B1}"
EndProject
Project("{FAE04EC0-301F-11D3-BF4B-00C04F79EFBC}") = "Exam1.Application", "Exam1.Application\Exam1.Application.csproj", "{A1617F41-13E8-4655-822A-3C4CA1E5614E}"
EndProject
Project("{FAE04EC0-301F-11D3-BF4B-00C04F79EFBC}") = "Exam1.Infrastructure", "Exam1.Infrastructure\Exam1.Infrastructure.csproj", "{DF930F99-BCB0-4F23-AB55-ACFB8F7CB608}"
EndProject
Global
	GlobalSection(SolutionConfigurationPlatforms) = preSolution
		Debug|Any CPU = Debug|Any CPU
		Release|Any CPU = Release|Any CPU
	EndGlobalSection
	GlobalSection(ProjectConfigurationPlatforms) = postSolution
		{369E69A5-65B1-4650-A53D-3A2D5DED5BD1}.Debug|Any CPU.ActiveCfg = Debug|Any CPU
		{369E69A5-65B1-4650-A53D-3A2D5DED5BD1}.Debug|Any CPU.Build.0 = Debug|Any CPU
		{369E69A5-65B1-4650-A53D-3A2D5DED5BD1}.Release|Any CPU.ActiveCfg = Release|Any CPU
		{369E69A5-65B1-4650-A53D-3A2D5DED5BD1}.Release|Any CPU.Build.0 = Release|Any CPU
		{F2AD1420-2330-47E2-9035-240E0C86A4B1}.Debug|Any CPU.ActiveCfg = Debug|Any CPU
		{F2AD1420-2330-47E2-9035-240E0C86A4B1}.Debug|Any CPU.Build.0 = Debug|Any CPU
		{F2AD1420-2330-47E2-9035-240E0C86A4B1}.Release|Any CPU.ActiveCfg = Release|Any CPU
		{F2AD1420-2330-47E2-9035-240E0C86A4B1}.Release|Any CPU.Build.0 = Release|Any CPU
		{A1617F41-13E8-4655-822A-3C4CA1E5614E}.Debug|Any CPU.ActiveCfg = Debug|Any CPU
		{A1617F41-13E8-4655-822A-3C4CA1E5614E}.Debug|Any CPU.Build.0 = Debug|Any CPU
		{A1617F41-13E8-4655-822A-3C4CA1E5614E}.Release|Any CPU.ActiveCfg = Release|Any CPU
		{A1617F41-13E8-4655-822A-3C4CA1E5614E}.Release|Any CPU.Build.0 = Release|Any CPU
		{DF930F99-BCB0-4F23-AB55-ACFB8F7CB608}.Debug|Any CPU.ActiveCfg = Debug|Any CPU
		{DF930F99-BCB0-4F23-AB55-ACFB8F7CB608}.Debug|Any CPU.Build.0 = Debug|Any CPU
		{DF930F99-BCB0-4F23-AB55-ACFB8F7CB608}.Release|Any CPU.ActiveCfg = Release|Any CPU
		{DF930F99-BCB0-4F23-AB55-ACFB8F7CB608}.Release|Any CPU.Build.0 = Release|Any CPU
	EndGlobalSection
	GlobalSection(SolutionProperties) = preSolution
		HideSolutionNode = FALSE
	EndGlobalSection
	GlobalSection(ExtensibilityGlobals) = postSolution
		SolutionGuid = {F228AAC9-F164-4746-988C-21BAF7F9ABA6}
	EndGlobalSection
EndGlobal
